{
  "version": 1,
  "dependencies": {
    "net10.0-windows10.0.19041": {
      "Clipper2": {
        "type": "Transitive",
        "resolved": "2.0.0",
        "contentHash": "2X23RZxJrjRjOSZc20aqXY9jpmHLekDRy4PIMfrsi2LPNzxFYlnuqzX/nLdk77fbURHUeX+gMhUn2a1z9/wMTQ=="
      },
      "Concentus": {
        "type": "Transitive",
        "resolved": "2.2.2",
        "contentHash": "2B9YmHPKO+k7YpAAnqmiXwiMJnfjfj1C868RszOll2iZWLnGTAiC1q21L/d7CvTan7T+hyqU8dR0Dcy3cpjVfQ=="
      },
      "Concentus.Oggfile": {
        "type": "Transitive",
        "resolved": "1.0.7",
        "contentHash": "rKWtI5oiTWqK2ol1aWvIT1BRTPi07Uo1hAet0ysQoZQqFo/mxBRwr+ERw89fIdkL3tbMf3ncoW7b3HDGx8Sk4g==",
        "dependencies": {
          "Concentus": "2.2.2"
        }
      },
      "Emoji.Wpf": {
        "type": "Transitive",
        "resolved": "0.3.4",
        "contentHash": "3ouEfw6Mo5Czk0TJd4BWrElB21jK9lKWqB1ZZF1DEBDRLNmOvJJbT51/ELLMIyqyn4p/mh10XC9Kmqmb1IbmnQ==",
        "dependencies": {
          "JeremyAnsel.HLSL.Targets": "1.0.13",
          "Stfu": "0.1.1"
        }
      },
      "JeremyAnsel.HLSL.Targets": {
        "type": "Transitive",
        "resolved": "1.0.13",
        "contentHash": "uLfE1STTM/o8G2eWEtQWMHm91nO47BIEsjXhO3c6hvsjx+bInTA7LnqI9iAWUWr58Sug+NSoNNZT83i2mWMl7g=="
      },
      "Markdig": {
        "type": "Transitive",
        "resolved": "1.3.2",
        "contentHash": "fZgOC/3CswUrndjDTac70aQpYdtxbW5+5bRumR7vzvI2HJbkmgKisB1c9oT+GA6v0jB/JDR9BLa9FiPzQmaK6A=="
      },
      "Microsoft.Graphics.Win2D": {
        "type": "Transitive",
        "resolved": "1.3.1",
        "contentHash": "7FLvK50wy9yakOh2ubvfTojjMENgiGRf0oIW4z04IFhsgQlPR7zUTcfIHJbhEYYAeynRm6zg9ixs2RPlPxlOow==",
        "dependencies": {
          "Microsoft.WindowsAppSDK": "1.6.241114003"
        }
      },
      "Microsoft.ML.OnnxRuntime": {
        "type": "Transitive",
        "resolved": "1.29.0",
        "contentHash": "bUO3Ryc42UVkDGByBIYU9/ogRURGHeMOEq96LMWnDBVMQGZpIahBhPRCeu+Qq6+EJh/dfxzFJBKZa0/+yMmpWQ==",
        "dependencies": {
          "Microsoft.ML.OnnxRuntime.Managed": "1.29.0"
        }
      },
      "Microsoft.ML.OnnxRuntime.Managed": {
        "type": "Transitive",
        "resolved": "1.29.0",
        "contentHash": "jLy5PtzvRQCBFOczzfRY7zpuMVUyLwjO0Jsdd8MBZdmnPIqx5vW9cYDNyCqkrYpwkof8GlqBVaEUMWrMWRtvuw==",
        "dependencies": {
          "System.Numerics.Tensors": "9.0.0"
        }
      },
      "Microsoft.Web.WebView2": {
        "type": "Transitive",
        "resolved": "1.0.2651.64",
        "contentHash": "f5sc/vcAoTCTEW7Nqzp4galAuTRguZViw8ksn+Nx2uskEBPm0/ubzy6gVjvXS/P96jLS89C8T9I0hPc417xpNg=="
      },
      "Microsoft.Windows.SDK.BuildTools": {
        "type": "Transitive",
        "resolved": "10.0.22621.756",
        "contentHash": "7ZL2sFSioYm1Ry067Kw1hg0SCcW5kuVezC2SwjGbcPE61Nn+gTbH86T73G3LcEOVj0S3IZzNuE/29gZvOLS7VA=="
      },
      "Microsoft.WindowsAppSDK": {
        "type": "Transitive",
        "resolved": "1.6.241114003",
        "contentHash": "5XBNubjJi7+7DDI5lUXR3Jc0/memeFJyP6zmGTGgQcmTTbUf2T6U1f+qwcXHT+2yoXpaDuZCE86/aDLdU30e5A==",
        "dependencies": {
          "Microsoft.Web.WebView2": "1.0.2651.64",
          "Microsoft.Windows.SDK.BuildTools": "10.0.22621.756"
        }
      },
      "RapidOcrNet": {
        "type": "Transitive",
        "resolved": "4.1.0",
        "contentHash": "vj+zD9QBsaqRMfuXeGgp4L03mi3ph2HOlcj2HaeclyercYf8pL3hdPZe45HhwIJuGD5bqkYgEtxQ8QuYtbZMbw==",
        "dependencies": {
          "Clipper2": "2.0.0",
          "Microsoft.ML.OnnxRuntime": "1.29.0",
          "Microsoft.ML.OnnxRuntime.Managed": "1.29.0",
          "SkiaSharp": "3.119.1",
          "SkiaSharp.NativeAssets.Linux.NoDependencies": "3.119.1"
        }
      },
      "ScreenRecorderLib": {
        "type": "Transitive",
        "resolved": "7.0.0",
        "contentHash": "BhJYgzsCTMXHr/ysg2fmThqYahhr26SFckCnhUCQdAkS0BDiXjHJaq06rIU3l2ivJPgcNX57ycAa3O3m28HACA=="
      },
      "SkiaSharp": {
        "type": "Transitive",
        "resolved": "3.119.1",
        "contentHash": "+Ru1BTSZQne3Vp+vbSb50Ke3Nlc3ZnItxx4+751J9WZ8YzLKAV/n+9DAo4zFTyeCI//ueT63c+VybmTTpYBEiw==",
        "dependencies": {
          "SkiaSharp.NativeAssets.Win32": "3.119.1"
        }
      },
      "SkiaSharp.NativeAssets.Linux.NoDependencies": {
        "type": "Transitive",
        "resolved": "3.119.1",
        "contentHash": "5jj6gBCe4K6TLnIERBXZfmUNE0TUyeTaF28RCxdCgIDVDaCAbHwEbk99eNYRFem/ubW/hKdvayZBOt6PaDL05g=="
      },
      "SkiaSharp.NativeAssets.Win32": {
        "type": "Transitive",
        "resolved": "3.119.1",
        "contentHash": "8C4GSXVJqSr0y3Tyyv5jz6MJSTVUyYkMjeKrzK+VyZPGLo89MNoUEclVuYahzOCDdtbfXrd2HtxXfDuvoSXrUw=="
      },
      "Stfu": {
        "type": "Transitive",
        "resolved": "0.1.1",
        "contentHash": "wUd0joqQoZ1B/wULKx1gGTY9zxiDbsW3Y6W0G0guCTL/jRMdDBPr9FMHfkoOKB0JIYGlup3NqXrsqs8fPrCdrw=="
      },
      "System.Numerics.Tensors": {
        "type": "Transitive",
        "resolved": "9.0.0",
        "contentHash": "hyJB4UlpAi19Xr9AXzu2NuagKC4lPfHObNMEAA0HmqFz2rX7wKgzeYzO/jM/eBHDhnUGFFEjk5cOoJaxqg5J4A=="
      },
      "System.Speech": {
        "type": "Transitive",
        "resolved": "10.0.11",
        "contentHash": "25EiYjCzE5CLx5CkOOum40bg8EBnVBNqklyEyn1KJT872eEh3ZakJppgunMqC2Hz1lJv9Mp7YbCC6LI1Ceemdw=="
      },
      "WpfMath": {
        "type": "Transitive",
        "resolved": "2.1.0",
        "contentHash": "216GtCBYFMPw5SaArNcuTgemgAWw985LihSEf7mtOjJYTN04X4BVFGPrkJ2Fiv1ffL8gX2xiRw/o+q1SC5oSAA==",
        "dependencies": {
          "XamlMath.Shared": "2.1.0"
        }
      },
      "XamlMath.Shared": {
        "type": "Transitive",
        "resolved": "2.1.0",
        "contentHash": "p7W78KZc2EWuVqAd704m4yGWg0HtxahjNYRVxDWhw7npf8oMD8C7EUc1pjkjZIcmk5PxXJ+t5FE2Fs3gBYjv1A=="
      },
      "MewuAI": {
        "type": "Project",
        "dependencies": {
          "Concentus.Oggfile": "[1.0.7, )",
          "Emoji.Wpf": "[0.3.4, )",
          "Markdig": "[1.3.2, )",
          "Microsoft.Graphics.Win2D": "[1.3.1, )",
          "RapidOcrNet": "[4.1.0, )",
          "ScreenRecorderLib": "[7.0.0, )",
          "System.Speech": "[10.0.11, )",
          "WpfMath": "[2.1.0, )"
        }
      }
    }
  }
}