<Solution>
  <Configurations>
    <Platform Name="x64" />
  </Configurations>
  <Project Path="mewu_ai_Assistant.csproj"><Platform Project="x64" /></Project>
  <Project Path="tests/MewuAI.Tests/MewuAI.Tests.csproj"><Platform Project="x64" /></Project>
  <Project Path="tests/MewuAI.ProviderSmoke/MewuAI.ProviderSmoke.csproj"><Platform Project="x64" /></Project>
</Solution>
